// !$*UTF8*$!
{
	archiveVersion = 1;
	classes = {
	};
	objectVersion = 51;
	objects = {

/* Begin PBXBuildFile section */
		1D4CD18525AB914F0091866B /* AppDelegate.swift in Sources */ = {isa = PBXBuildFile; fileRef = 1D4CD18425AB914F0091866B /* AppDelegate.swift */; };
		1D4CD18725AB914F0091866B /* SceneDelegate.swift in Sources */ = {isa = PBXBuildFile; fileRef = 1D4CD18625AB914F0091866B /* SceneDelegate.swift */; };
		1D4CD18925AB914F0091866B /* ViewController.swift in Sources */ = {isa = PBXBuildFile; fileRef = 1D4CD18825AB914F0091866B /* ViewController.swift */; };
		1D4CD18C25AB914F0091866B /* Main.storyboard in Resources */ = {isa = PBXBuildFile; fileRef = 1D4CD18A25AB914F0091866B /* Main.storyboard */; };
		1D4CD18E25AB91510091866B /* Assets.xcassets in Resources */ = {isa = PBXBuildFile; fileRef = 1D4CD18D25AB91510091866B /* Assets.xcassets */; };
		1D4CD19125AB91510091866B /* LaunchScreen.storyboard in Resources */ = {isa = PBXBuildFile; fileRef = 1D4CD18F25AB91510091866B /* LaunchScreen.storyboard */; };
		1D83BC4525ABC4B000345B46 /* FlowerClassifier.mlmodel in Sources */ = {isa = PBXBuildFile; fileRef = 1D83BC4425ABC4B000345B46 /* FlowerClassifier.mlmodel */; };
		C5B8E510C4EF037F386A6D14 /* Pods_WhatFlowers.framework in Frameworks */ = {isa = PBXBuildFile; fileRef = 96A23E0EA128F99757F98EF6 /* Pods_WhatFlowers.framework */; };
/* End PBXBuildFile section */

/* Begin PBXFileReference section */
		1D4CD18125AB914F0091866B /* WhatFlowers.app */ = {isa = PBXFileReference; explicitFileType = wrapper.application; includeInIndex = 0; path = WhatFlowers.app; sourceTree = BUILT_PRODUCTS_DIR; };
		1D4CD18425AB914F0091866B /* AppDelegate.swift */ = {isa = PBXFileReference; lastKnownFileType = sourcecode.swift; path = AppDelegate.swift; sourceTree = "<group>"; };
		1D4CD18625AB914F0091866B /* SceneDelegate.swift */ = {isa = PBXFileReference; lastKnownFileType = sourcecode.swift; path = SceneDelegate.swift; sourceTree = "<group>"; };
		1D4CD18825AB914F0091866B /* ViewController.swift */ = {isa = PBXFileReference; lastKnownFileType = sourcecode.swift; path = ViewController.swift; sourceTree = "<group>"; };
		1D4CD18B25AB914F0091866B /* Base */ = {isa = PBXFileReference; lastKnownFileType = file.storyboard; name = Base; path = Base.lproj/Main.storyboard; sourceTree = "<group>"; };
		1D4CD18D25AB91510091866B /* Assets.xcassets */ = {isa = PBXFileReference; lastKnownFileType = folder.assetcatalog; path = Assets.xcassets; sourceTree = "<group>"; };
		1D4CD19025AB91510091866B /* Base */ = {isa = PBXFileReference; lastKnownFileType = file.storyboard; name = Base; path = Base.lproj/LaunchScreen.storyboard; sourceTree = "<group>"; };
		1D4CD19225AB91510091866B /* Info.plist */ = {isa = PBXFileReference; lastKnownFileType = text.plist.xml; path = Info.plist; sourceTree = "<group>"; };
		1D83BC4425ABC4B000345B46 /* FlowerClassifier.mlmodel */ = {isa = PBXFileReference; lastKnownFileType = file.mlmodel; path = FlowerClassifier.mlmodel; sourceTree = "<group>"; };
		2DD350D647D0048A0F551C16 /* Pods-WhatFlowers.release.xcconfig */ = {isa = PBXFileReference; includeInIndex = 1; lastKnownFileType = text.xcconfig; name = "Pods-WhatFlowers.release.xcconfig"; path = "Target Support Files/Pods-WhatFlowers/Pods-WhatFlowers.release.xcconfig"; sourceTree = "<group>"; };
		85CC627BFE78AB9A2862531A /* Pods-WhatFlowers.debug.xcconfig */ = {isa = PBXFileReference; includeInIndex = 1; lastKnownFileType = text.xcconfig; name = "Pods-WhatFlowers.debug.xcconfig"; path = "Target Support Files/Pods-WhatFlowers/Pods-WhatFlowers.debug.xcconfig"; sourceTree = "<group>"; };
		96A23E0EA128F99757F98EF6 /* Pods_WhatFlowers.framework */ = {isa = PBXFileReference; explicitFileType = wrapper.framework; includeInIndex = 0; path = Pods_WhatFlowers.framework; sourceTree = BUILT_PRODUCTS_DIR; };
/* End PBXFileReference section */

/* Begin PBXFrameworksBuildPhase section */
		1D4CD17E25AB914F0091866B /* Frameworks */ = {
			isa = PBXFrameworksBuildPhase;
			buildActionMask = 2147483647;
			files = (
				C5B8E510C4EF037F386A6D14 /* Pods_WhatFlowers.framework in Frameworks */,
			);
			runOnlyForDeploymentPostprocessing = 0;
		};
/* End PBXFrameworksBuildPhase section */

/* Begin PBXGroup section */
		1D4CD17825AB914F0091866B = {
			isa = PBXGroup;
			children = (
				1D4CD18325AB914F0091866B /* WhatFlowers */,
				1D4CD18225AB914F0091866B /* Products */,
				CBFC2D2BC6CAED4EA81B951A /* Pods */,
				5268C00E601C0AB6EF8E6EEB /* Frameworks */,
			);
			sourceTree = "<group>";
		};
		1D4CD18225AB914F0091866B /* Products */ = {
			isa = PBXGroup;
			children = (
				1D4CD18125AB914F0091866B /* WhatFlowers.app */,
			);
			name = Products;
			sourceTree = "<group>";
		};
		1D4CD18325AB914F0091866B /* WhatFlowers */ = {
			isa = PBXGroup;
			children = (
				1D4CD18425AB914F0091866B /* AppDelegate.swift */,
				1D4CD18625AB914F0091866B /* SceneDelegate.swift */,
				1D4CD18825AB914F0091866B /* ViewController.swift */,
				1D4CD18A25AB914F0091866B /* Main.storyboard */,
				1D4CD18D25AB91510091866B /* Assets.xcassets */,
				1D4CD18F25AB91510091866B /* LaunchScreen.storyboard */,
				1D4CD19225AB91510091866B /* Info.plist */,
				1D83BC4425ABC4B000345B46 /* FlowerClassifier.mlmodel */,
			);
			path = WhatFlowers;
			sourceTree = "<group>";
		};
		5268C00E601C0AB6EF8E6EEB /* Frameworks */ = {
			isa = PBXGroup;
			children = (
				96A23E0EA128F99757F98EF6 /* Pods_WhatFlowers.framework */,
			);
			name = Frameworks;
			sourceTree = "<group>";
		};
		CBFC2D2BC6CAED4EA81B951A /* Pods */ = {
			isa = PBXGroup;
			children = (
				85CC627BFE78AB9A2862531A /* Pods-WhatFlowers.debug.xcconfig */,
				2DD350D647D0048A0F551C16 /* Pods-WhatFlowers.release.xcconfig */,
			);
			path = Pods;
			sourceTree = "<group>";
		};
/* End PBXGroup section */

/* Begin PBXNativeTarget section */
		1D4CD18025AB914F0091866B /* WhatFlowers */ = {
			isa = PBXNativeTarget;
			buildConfigurationList = 1D4CD19525AB91510091866B /* Build configuration list for PBXNativeTarget "WhatFlowers" */;
			buildPhases = (
				27CFCD5A414F0A6EFFADF352 /* [CP] Check Pods Manifest.lock */,
				1D4CD17D25AB914F0091866B /* Sources */,
				1D4CD17E25AB914F0091866B /* Frameworks */,
				1D4CD17F25AB914F0091866B /* Resources */,
				5A9CB116D33F5AC66375604D /* [CP] Embed Pods Frameworks */,
			);
			buildRules = (
			);
			dependencies = (
			);
			name = WhatFlowers;
			productName = WhatFlowers;
			productReference = 1D4CD18125AB914F0091866B /* WhatFlowers.app */;
			productType = "com.apple.product-type.application";
		};
/* End PBXNativeTarget section */

/* Begin PBXProject section */
		1D4CD17925AB914F0091866B /* Project object */ = {
			isa = PBXProject;
			attributes = {
				LastSwiftUpdateCheck = 1230;
				LastUpgradeCheck = 1230;
				TargetAttributes = {
					1D4CD18025AB914F0091866B = {
						CreatedOnToolsVersion = 12.3;
					};
				};
			};
			buildConfigurationList = 1D4CD17C25AB914F0091866B /* Build configuration list for PBXProject "WhatFlowers" */;
			compatibilityVersion = "Xcode 9.3";
			developmentRegion = en;
			hasScannedForEncodings = 0;
			knownRegions = (
				en,
				Base,
			);
			mainGroup = 1D4CD17825AB914F0091866B;
			productRefGroup = 1D4CD18225AB914F0091866B /* Products */;
			projectDirPath = "";
			projectRoot = "";
			targets = (
				1D4CD18025AB914F0091866B /* WhatFlowers */,
			);
		};
/* End PBXProject section */

/* Begin PBXResourcesBuildPhase section */
		1D4CD17F25AB914F0091866B /* Resources */ = {
			isa = PBXResourcesBuildPhase;
			buildActionMask = 2147483647;
			files = (
				1D4CD19125AB91510091866B /* LaunchScreen.storyboard in Resources */,
				1D4CD18E25AB91510091866B /* Assets.xcassets in Resources */,
				1D4CD18C25AB914F0091866B /* Main.storyboard in Resources */,
			);
			runOnlyForDeploymentPostprocessing = 0;
		};
/* End PBXResourcesBuildPhase section */

/* Begin PBXShellScriptBuildPhase section */
		27CFCD5A414F0A6EFFADF352 /* [CP] Check Pods Manifest.lock */ = {
			isa = PBXShellScriptBuildPhase;
			buildActionMask = 2147483647;
			files = (
			);
			inputFileListPaths = (
			);
			inputPaths = (
				"${PODS_PODFILE_DIR_PATH}/Podfile.lock",
				"${PODS_ROOT}/Manifest.lock",
			);
			name = "[CP] Check Pods Manifest.lock";
			outputFileListPaths = (
			);
			outputPaths = (
				"$(DERIVED_FILE_DIR)/Pods-WhatFlowers-checkManifestLockResult.txt",
			);
			runOnlyForDeploymentPostprocessing = 0;
			shellPath = /bin/sh;
			shellScript = "diff \"${PODS_PODFILE_DIR_PATH}/Podfile.lock\" \"${PODS_ROOT}/Manifest.lock\" > /dev/null\nif [ $? != 0 ] ; then\n    # print error to STDERR\n    echo \"error: The sandbox is not in sync with the Podfile.lock. Run 'pod install' or update your CocoaPods installation.\" >&2\n    exit 1\nfi\n# This output is used by Xcode 'outputs' to avoid re-running this script phase.\necho \"SUCCESS\" > \"${SCRIPT_OUTPUT_FILE_0}\"\n";
			showEnvVarsInLog = 0;
		};
		5A9CB116D33F5AC66375604D /* [CP] Embed Pods Frameworks */ = {
			isa = PBXShellScriptBuildPhase;
			buildActionMask = 2147483647;
			files = (
			);
			inputFileListPaths = (
				"${PODS_ROOT}/Target Support Files/Pods-WhatFlowers/Pods-WhatFlowers-frameworks-${CONFIGURATION}-input-files.xcfilelist",
			);
			name = "[CP] Embed Pods Frameworks";
			outputFileListPaths = (
				"${PODS_ROOT}/Target Support Files/Pods-WhatFlowers/Pods-WhatFlowers-frameworks-${CONFIGURATION}-output-files.xcfilelist",
			);
			runOnlyForDeploymentPostprocessing = 0;
			shellPath = /bin/sh;
			shellScript = "\"${PODS_ROOT}/Target Support Files/Pods-WhatFlowers/Pods-WhatFlowers-frameworks.sh\"\n";
			showEnvVarsInLog = 0;
		};
/* End PBXShellScriptBuildPhase section */

/* Begin PBXSourcesBuildPhase section */
		1D4CD17D25AB914F0091866B /* Sources */ = {
			isa = PBXSourcesBuildPhase;
			buildActionMask = 2147483647;
			files = (
				1D83BC4525ABC4B000345B46 /* FlowerClassifier.mlmodel in Sources */,
				1D4CD18925AB914F0091866B /* ViewController.swift in Sources */,
				1D4CD18525AB914F0091866B /* AppDelegate.swift in Sources */,
				1D4CD18725AB914F0091866B /* SceneDelegate.swift in Sources */,
			);
			runOnlyForDeploymentPostprocessing = 0;
		};
/* End PBXSourcesBuildPhase section */

/* Begin PBXVariantGroup section */
		1D4CD18A25AB914F0091866B /* Main.storyboard */ = {
			isa = PBXVariantGroup;
			children = (
				1D4CD18B25AB914F0091866B /* Base */,
			);
			name = Main.storyboard;
			sourceTree = "<group>";
		};
		1D4CD18F25AB91510091866B /* LaunchScreen.storyboard */ = {
			isa = PBXVariantGroup;
			children = (
				1D4CD19025AB91510091866B /* Base */,
			);
			name = LaunchScreen.storyboard;
			sourceTree = "<group>";
		};
/* End PBXVariantGroup section */

/* Begin XCBuildConfiguration section */
		1D4CD19325AB91510091866B /* Debug */ = {
			isa = XCBuildConfiguration;
			buildSettings = {
				ALWAYS_SEARCH_USER_PATHS = NO;
				CLANG_ANALYZER_NONNULL = YES;
				CLANG_ANALYZER_NUMBER_OBJECT_CONVERSION = YES_AGGRESSIVE;
				CLANG_CXX_LANGUAGE_STANDARD = "gnu++14";
				CLANG_CXX_LIBRARY = "libc++";
				CLANG_ENABLE_MODULES = YES;
				CLANG_ENABLE_OBJC_ARC = YES;
				CLANG_ENABLE_OBJC_WEAK = YES;
				CLANG_WARN_BLOCK_CAPTURE_AUTORELEASING = YES;
				CLANG_WARN_BOOL_CONVERSION = YES;
				CLANG_WARN_COMMA = YES;
				CLANG_WARN_CONSTANT_CONVERSION = YES;
				CLANG_WARN_DEPRECATED_OBJC_IMPLEMENTATIONS = YES;
				CLANG_WARN_DIRECT_OBJC_ISA_USAGE = YES_ERROR;
				CLANG_WARN_DOCUMENTATION_COMMENTS = YES;
				CLANG_WARN_EMPTY_BODY = YES;
				CLANG_WARN_ENUM_CONVERSION = YES;
				CLANG_WARN_INFINITE_RECURSION = YES;
				CLANG_WARN_INT_CONVERSION = YES;
				CLANG_WARN_NON_LITERAL_NULL_CONVERSION = YES;
				CLANG_WARN_OBJC_IMPLICIT_RETAIN_SELF = YES;
				CLANG_WARN_OBJC_LITERAL_CONVERSION = YES;
				CLANG_WARN_OBJC_ROOT_CLASS = YES_ERROR;
				CLANG_WARN_QUOTED_INCLUDE_IN_FRAMEWORK_HEADER = YES;
				CLANG_WARN_RANGE_LOOP_ANALYSIS = YES;
				CLANG_WARN_STRICT_PROTOTYPES = YES;
				CLANG_WARN_SUSPICIOUS_MOVE = YES;
				CLANG_WARN_UNGUARDED_AVAILABILITY = YES_AGGRESSIVE;
				CLANG_WARN_UNREACHABLE_CODE = YES;
				CLANG_WARN__DUPLICATE_METHOD_MATCH = YES;
				COPY_PHASE_STRIP = NO;
				DEBUG_INFORMATION_FORMAT = dwarf;
				ENABLE_STRICT_OBJC_MSGSEND = YES;
				ENABLE_TESTABILITY = YES;
				GCC_C_LANGUAGE_STANDARD = gnu11;
				GCC_DYNAMIC_NO_PIC = NO;
				GCC_NO_COMMON_BLOCKS = YES;
				GCC_OPTIMIZATION_LEVEL = 0;
				GCC_PREPROCESSOR_DEFINITIONS = (
					"DEBUG=1",
					"$(inherited)",
				);
				GCC_WARN_64_TO_32_BIT_CONVERSION = YES;
				GCC_WARN_ABOUT_RETURN_TYPE = YES_ERROR;
				GCC_WARN_UNDECLARED_SELECTOR = YES;
				GCC_WARN_UNINITIALIZED_AUTOS = YES_AGGRESSIVE;
				GCC_WARN_UNUSED_FUNCTION = YES;
				GCC_WARN_UNUSED_VARIABLE = YES;
				IPHONEOS_DEPLOYMENT_TARGET = 14.3;
				MTL_ENABLE_DEBUG_INFO = INCLUDE_SOURCE;
				MTL_FAST_MATH = YES;
				ONLY_ACTIVE_ARCH = YES;
				SDKROOT = iphoneos;
				SWIFT_ACTIVE_COMPILATION_CONDITIONS = DEBUG;
				SWIFT_OPTIMIZATION_LEVEL = "-Onone";
			};
			name = Debug;
		};
		1D4CD19425AB91510091866B /* Release */ = {
			isa = XCBuildConfiguration;
			buildSettings = {
				ALWAYS_SEARCH_USER_PATHS = NO;
				CLANG_ANALYZER_NONNULL = YES;
				CLANG_ANALYZER_NUMBER_OBJECT_CONVERSION = YES_AGGRESSIVE;
				CLANG_CXX_LANGUAGE_STANDARD = "gnu++14";
				CLANG_CXX_LIBRARY = "libc++";
				CLANG_ENABLE_MODULES = YES;
				CLANG_ENABLE_OBJC_ARC = YES;
				CLANG_ENABLE_OBJC_WEAK = YES;
				CLANG_WARN_BLOCK_CAPTURE_AUTORELEASING = YES;
				CLANG_WARN_BOOL_CONVERSION = YES;
				CLANG_WARN_COMMA = YES;
				CLANG_WARN_CONSTANT_CONVERSION = YES;
				CLANG_WARN_DEPRECATED_OBJC_IMPLEMENTATIONS = YES;
				CLANG_WARN_DIRECT_OBJC_ISA_USAGE = YES_ERROR;
				CLANG_WARN_DOCUMENTATION_COMMENTS = YES;
				CLANG_WARN_EMPTY_BODY = YES;
				CLANG_WARN_ENUM_CONVERSION = YES;
				CLANG_WARN_INFINITE_RECURSION = YES;
				CLANG_WARN_INT_CONVERSION = YES;
				CLANG_WARN_NON_LITERAL_NULL_CONVERSION = YES;
				CLANG_WARN_OBJC_IMPLICIT_RETAIN_SELF = YES;
				CLANG_WARN_OBJC_LITERAL_CONVERSION = YES;
				CLANG_WARN_OBJC_ROOT_CLASS = YES_ERROR;
				CLANG_WARN_QUOTED_INCLUDE_IN_FRAMEWORK_HEADER = YES;
				CLANG_WARN_RANGE_LOOP_ANALYSIS = YES;
				CLANG_WARN_STRICT_PROTOTYPES = YES;
				CLANG_WARN_SUSPICIOUS_MOVE = YES;
				CLANG_WARN_UNGUARDED_AVAILABILITY = YES_AGGRESSIVE;
				CLANG_WARN_UNREACHABLE_CODE = YES;
				CLANG_WARN__DUPLICATE_METHOD_MATCH = YES;
				COPY_PHASE_STRIP = NO;
				DEBUG_INFORMATION_FORMAT = "dwarf-with-dsym";
				ENABLE_NS_ASSERTIONS = NO;
				ENABLE_STRICT_OBJC_MSGSEND = YES;
				GCC_C_LANGUAGE_STANDARD = gnu11;
				GCC_NO_COMMON_BLOCKS = YES;
				GCC_WARN_64_TO_32_BIT_CONVERSION = YES;
				GCC_WARN_ABOUT_RETURN_TYPE = YES_ERROR;
				GCC_WARN_UNDECLARED_SELECTOR = YES;
				GCC_WARN_UNINITIALIZED_AUTOS = YES_AGGRESSIVE;
				GCC_WARN_UNUSED_FUNCTION = YES;
				GCC_WARN_UNUSED_VARIABLE = YES;
				IPHONEOS_DEPLOYMENT_TARGET = 14.3;
				MTL_ENABLE_DEBUG_INFO = NO;
				MTL_FAST_MATH = YES;
				SDKROOT = iphoneos;
				SWIFT_COMPILATION_MODE = wholemodule;
				SWIFT_OPTIMIZATION_LEVEL = "-O";
				VALIDATE_PRODUCT = YES;
			};
			name = Release;
		};
		1D4CD19625AB91510091866B /* Debug */ = {
			isa = XCBuildConfiguration;
			baseConfigurationReference = 85CC627BFE78AB9A2862531A /* Pods-WhatFlowers.debug.xcconfig */;
			buildSettings = {
				ASSETCATALOG_COMPILER_APPICON_NAME = AppIcon;
				ASSETCATALOG_COMPILER_GLOBAL_ACCENT_COLOR_NAME = AccentColor;
				CODE_SIGN_STYLE = Automatic;
				DEVELOPMENT_TEAM = W7DX3RYYWG;
				INFOPLIST_FILE = WhatFlowers/Info.plist;
				LD_RUNPATH_SEARCH_PATHS = (
					"$(inherited)",
					"@executable_path/Frameworks",
				);
				PRODUCT_BUNDLE_IDENTIFIER = fm.jobless.itentifier.WhatFlowers;
				PRODUCT_NAME = "$(TARGET_NAME)";
				SWIFT_VERSION = 5.0;
				TARGETED_DEVICE_FAMILY = "1,2";
			};
			name = Debug;
		};
		1D4CD19725AB91510091866B /* Release */ = {
			isa = XCBuildConfiguration;
			baseConfigurationReference = 2DD350D647D0048A0F551C16 /* Pods-WhatFlowers.release.xcconfig */;
			buildSettings = {
				ASSETCATALOG_COMPILER_APPICON_NAME = AppIcon;
				ASSETCATALOG_COMPILER_GLOBAL_ACCENT_COLOR_NAME = AccentColor;
				CODE_SIGN_STYLE = Automatic;
				DEVELOPMENT_TEAM = W7DX3RYYWG;
				INFOPLIST_FILE = WhatFlowers/Info.plist;
				LD_RUNPATH_SEARCH_PATHS = (
					"$(inherited)",
					"@executable_path/Frameworks",
				);
				PRODUCT_BUNDLE_IDENTIFIER = fm.jobless.itentifier.WhatFlowers;
				PRODUCT_NAME = "$(TARGET_NAME)";
				SWIFT_VERSION = 5.0;
				TARGETED_DEVICE_FAMILY = "1,2";
			};
			name = Release;
		};
/* End XCBuildConfiguration section */

/* Begin XCConfigurationList section */
		1D4CD17C25AB914F0091866B /* Build configuration list for PBXProject "WhatFlowers" */ = {
			isa = XCConfigurationList;
			buildConfigurations = (
				1D4CD19325AB91510091866B /* Debug */,
				1D4CD19425AB91510091866B /* Release */,
			);
			defaultConfigurationIsVisible = 0;
			defaultConfigurationName = Release;
		};
		1D4CD19525AB91510091866B /* Build configuration list for PBXNativeTarget "WhatFlowers" */ = {
			isa = XCConfigurationList;
			buildConfigurations = (
				1D4CD19625AB91510091866B /* Debug */,
				1D4CD19725AB91510091866B /* Release */,
			);
			defaultConfigurationIsVisible = 0;
			defaultConfigurationName = Release;
		};
/* End XCConfigurationList section */
	};
	rootObject = 1D4CD17925AB914F0091866B /* Project object */;
}
